
Microsoft Visual Studio Solution File, Format Version 12.00
# Visual Studio 15
VisualStudioVersion = 15.0.27703.2026
MinimumVisualStudioVersion = 10.0.40219.1
Project("{FAE04EC0-301F-11D3-BF4B-00C04F79EFBC}") = "ScannerX", "ScannerX\ScannerX.csproj", "{B8884112-734F-4124-A17D-8A2C15E5DFD9}"
EndProject
Global
	GlobalSection(SolutionConfigurationPlatforms) = preSolution
		Debug|Any CPU = Debug|Any CPU
		Release|Any CPU = Release|Any CPU
	EndGlobalSection
	GlobalSection(ProjectConfigurationPlatforms) = postSolution
		{B8884112-734F-4124-A17D-8A2C15E5DFD9}.Debug|Any CPU.ActiveCfg = Debug|Any CPU
		{B8884112-734F-4124-A17D-8A2C15E5DFD9}.Debug|Any CPU.Build.0 = Debug|Any CPU
		{B8884112-734F-4124-A17D-8A2C15E5DFD9}.Release|Any CPU.ActiveCfg = Release|Any CPU
		{B8884112-734F-4124-A17D-8A2C15E5DFD9}.Release|Any CPU.Build.0 = Release|Any CPU
	EndGlobalSection
	GlobalSection(SolutionProperties) = preSolution
		HideSolutionNode = FALSE
	EndGlobalSection
	GlobalSection(ExtensibilityGlobals) = postSolution
		SolutionGuid = {E2EEF9E7-4FF6-4CCC-B740-9ED82B1EED78}
	EndGlobalSection
EndGlobal
